{
  "name": "documentation",
  "version": "1.1.0",
  "lockfileVersion": 1,
  "requires": true,
  "dependencies": {
    "@ouest-france/schemas": {
      "version": "2.0.0",
      "resolved": "https://registry.npmjs.org/@ouest-france/schemas/-/schemas-2.0.0.tgz",
      "integrity": "sha512-/rwN/U+CAFzWyo0DAChGMy5PlbjXGGmPXvcE1IOTFh2iGnQHxdldbP/H7/BCCPTkoxTk7eg1AhU3zmoAmVwGZQ==",
      "requires": {
        "ajv": "5.5.2"
      }
    },
    "ajv": {
      "version": "5.5.2",
      "resolved": "https://registry.npmjs.org/ajv/-/ajv-5.5.2.tgz",
      "integrity": "sha1-c7Xuyj+rZT49P5Qis0GtQiBdyWU=",
      "requires": {
        "co": "4.6.0",
        "fast-deep-equal": "1.0.0",
        "fast-json-stable-stringify": "2.0.0",
        "json-schema-traverse": "0.3.1"
      }
    },
    "big.js": {
      "version": "3.1.3",
      "resolved": "https://registry.npmjs.org/big.js/-/big.js-3.1.3.tgz",
      "integrity": "sha1-TK2iGTZS6zyp7I5VyQFWacmAaXg="
    },
    "co": {
      "version": "4.6.0",
      "resolved": "https://registry.npmjs.org/co/-/co-4.6.0.tgz",
      "integrity": "sha1-bqa989hTrlTMuOR7+gvz+QMfsYQ="
    },
    "common-env": {
      "version": "6.1.0",
      "resolved": "https://registry.npmjs.org/common-env/-/common-env-6.1.0.tgz",
      "integrity": "sha1-KKVZWF/fYrGoLpN/gC3KR9Olc6g=",
      "requires": {
        "lodash": "4.17.4"
      }
    },
    "debug": {
      "version": "3.1.0",
      "resolved": "https://registry.npmjs.org/debug/-/debug-3.1.0.tgz",
      "integrity": "sha512-OX8XqP7/1a9cqkxYw2yXss15f26NKWBpDXQd0/uK/KPqdQhxbPa994hnzjcE2VqQpDslf55723cKPUOGSmMY3g==",
      "requires": {
        "ms": "2.0.0"
      }
    },
    "emojis-list": {
      "version": "2.1.0",
      "resolved": "https://registry.npmjs.org/emojis-list/-/emojis-list-2.1.0.tgz",
      "integrity": "sha1-TapNnbAPmBmIDHn6RXrlsJof04k="
    },
    "error-ex": {
      "version": "1.3.1",
      "resolved": "https://registry.npmjs.org/error-ex/-/error-ex-1.3.1.tgz",
      "integrity": "sha1-+FWobOYa3E6GIcPNoh56dhLDqNw=",
      "requires": {
        "is-arrayish": "0.2.1"
      }
    },
    "fast-deep-equal": {
      "version": "1.0.0",
      "resolved": "https://registry.npmjs.org/fast-deep-equal/-/fast-deep-equal-1.0.0.tgz",
      "integrity": "sha1-liVqO8l1WV6zbYLpkp0GDYk0Of8="
    },
    "fast-json-stable-stringify": {
      "version": "2.0.0",
      "resolved": "https://registry.npmjs.org/fast-json-stable-stringify/-/fast-json-stable-stringify-2.0.0.tgz",
      "integrity": "sha1-1RQsDK7msRifh9OnYREGT4bIu/I="
    },
    "is-arrayish": {
      "version": "0.2.1",
      "resolved": "https://registry.npmjs.org/is-arrayish/-/is-arrayish-0.2.1.tgz",
      "integrity": "sha1-d8mYQFJ6qOyxqLppe4BkWnqSap0="
    },
    "json-schema-documentation-generator": {
      "version": "1.1.0",
      "resolved": "https://registry.npmjs.org/json-schema-documentation-generator/-/json-schema-documentation-generator-1.1.0.tgz",
      "integrity": "sha512-zsbL+QHSeki3u2+uI4fGz/5H1HsG4sVG7zPjnHEPHxXYCVChW5Cfi/gPGChY3dQvPcTRi+9RpFRTjg13KquuOg==",
      "requires": {
        "ajv": "5.5.2",
        "common-env": "6.1.0",
        "error-ex": "1.3.1",
        "lodash": "4.17.4"
      }
    },
    "json-schema-documentation-sample-generator": {
      "version": "1.1.0",
      "resolved": "https://registry.npmjs.org/json-schema-documentation-sample-generator/-/json-schema-documentation-sample-generator-1.1.0.tgz",
      "integrity": "sha512-Zt9ac5dQ35t0PtRXT7Gf24y0EdTZRsa5SOftC7nKANsPlA93V96OKuOianlLnbmBW+ujjBppnqMRcA3RBC8ghg==",
      "requires": {
        "json-schema-example-loader": "3.0.0"
      }
    },
    "json-schema-documentation-theme-default": {
      "version": "1.1.0",
      "resolved": "https://registry.npmjs.org/json-schema-documentation-theme-default/-/json-schema-documentation-theme-default-1.1.0.tgz",
      "integrity": "sha512-zf40ySJ1dXDdmduJKqsx6EDH8LVmaHH8KzYFwJnqhht+DjDebdjhe3pjVZuGs0e190fcq45ME0VdEVFmhvL50w==",
      "requires": {
        "ajv": "5.5.2",
        "debug": "3.1.0",
        "error-ex": "1.3.1",
        "json-schema-traverse": "0.3.1",
        "slug": "0.9.1",
        "write": "1.0.3"
      }
    },
    "json-schema-example-loader": {
      "version": "3.0.0",
      "resolved": "https://registry.npmjs.org/json-schema-example-loader/-/json-schema-example-loader-3.0.0.tgz",
      "integrity": "sha1-THSzTroUa21EM5XUn4tuTPaxqLo=",
      "requires": {
        "loader-utils": "0.2.17",
        "lodash": "3.10.1"
      },
      "dependencies": {
        "lodash": {
          "version": "3.10.1",
          "resolved": "https://registry.npmjs.org/lodash/-/lodash-3.10.1.tgz",
          "integrity": "sha1-W/Rejkm6QYnhfUgnid/RW9FAt7Y="
        }
      }
    },
    "json-schema-traverse": {
      "version": "0.3.1",
      "resolved": "https://registry.npmjs.org/json-schema-traverse/-/json-schema-traverse-0.3.1.tgz",
      "integrity": "sha1-NJptRMU6Ud6JtAgFxdXlm0F9M0A="
    },
    "json5": {
      "version": "0.5.1",
      "resolved": "https://registry.npmjs.org/json5/-/json5-0.5.1.tgz",
      "integrity": "sha1-Hq3nrMASA0rYTiOWdn6tn6VJWCE="
    },
    "loader-utils": {
      "version": "0.2.17",
      "resolved": "https://registry.npmjs.org/loader-utils/-/loader-utils-0.2.17.tgz",
      "integrity": "sha1-+G5jdNQyBabmxg6RlvF8Apm/s0g=",
      "requires": {
        "big.js": "3.1.3",
        "emojis-list": "2.1.0",
        "json5": "0.5.1",
        "object-assign": "4.1.1"
      }
    },
    "lodash": {
      "version": "4.17.4",
      "resolved": "https://registry.npmjs.org/lodash/-/lodash-4.17.4.tgz",
      "integrity": "sha1-eCA6TRwyiuHYbcpkYONptX9AVa4="
    },
    "minimist": {
      "version": "0.0.8",
      "resolved": "https://registry.npmjs.org/minimist/-/minimist-0.0.8.tgz",
      "integrity": "sha1-hX/Kv8M5fSYluCKCYuhqp6ARsF0="
    },
    "mkdirp": {
      "version": "0.5.1",
      "resolved": "https://registry.npmjs.org/mkdirp/-/mkdirp-0.5.1.tgz",
      "integrity": "sha1-MAV0OOrGz3+MR2fzhkjWaX11yQM=",
      "requires": {
        "minimist": "0.0.8"
      }
    },
    "ms": {
      "version": "2.0.0",
      "resolved": "https://registry.npmjs.org/ms/-/ms-2.0.0.tgz",
      "integrity": "sha1-VgiurfwAvmwpAd9fmGF4jeDVl8g="
    },
    "object-assign": {
      "version": "4.1.1",
      "resolved": "https://registry.npmjs.org/object-assign/-/object-assign-4.1.1.tgz",
      "integrity": "sha1-IQmtx5ZYh8/AXLvUQsrIv7s2CGM="
    },
    "slug": {
      "version": "0.9.1",
      "resolved": "https://registry.npmjs.org/slug/-/slug-0.9.1.tgz",
      "integrity": "sha1-rwj2CKfBFRa2F3iqgA3OhMUYz9o=",
      "requires": {
        "unicode": "10.0.0"
      }
    },
    "unicode": {
      "version": "10.0.0",
      "resolved": "https://registry.npmjs.org/unicode/-/unicode-10.0.0.tgz",
      "integrity": "sha1-5dUcHbk7bHGguHngsMSvfm/faI4="
    },
    "write": {
      "version": "1.0.3",
      "resolved": "https://registry.npmjs.org/write/-/write-1.0.3.tgz",
      "integrity": "sha512-/lg70HAjtkUgWPVZhZcm+T4hkL8Zbtp1nFNOn3lRrxnlv50SRBv7cR7RqR+GMsd3hUXy9hWBo4CHTbFTcOYwig==",
      "requires": {
        "mkdirp": "0.5.1"
      }
    }
  }
}
